filename: Triblock (2005)(Hamster Republic Productions) [Action].zip
tdc_id: '16911.0'
title:
  screen: Triblock
publisher: Hamster Republic Productions
year: '2005'
genre: Action
language: English
date:
  added: '2019-03-02T10:57:08'
  last_modified: '2019-03-02T10:57:08'
type: zip
commands:
  play: blocks.exe
files:
- name: blocks.exe
  size: 67118
  date: '2005-10-26T10:00:30'
  crc: '0x38894527'
- name: readme.txt
  size: 247
  date: '2006-01-23T02:41:54'
  crc: '0x4d822daa'
