filename: PC-Sherlock v1.3 [SW][a1] (1993)(Sanjay Kanade) [Strategy].zip
tdc_id: '10126.1'
title:
  screen: PC-Sherlock
publisher: Sanjay Kanade
year: '1993'
genre: Strategy
language: English
date:
  added: '2018-01-14T20:45:14'
  last_modified: '2018-01-14T20:45:14'
version: '1.3'
type: zip
tags:
- Shareware
- Alternate: 1
media: Download
commands:
  play: SHERLOCK.EXE
files:
- name: FILE_ID.DIZ
  size: 428
  date: '1993-08-20T16:00:00'
  crc: '0xd79338da'
- name: ORDER.DOC
  size: 2588
  date: '1993-08-20T16:00:00'
  crc: '0xf6a42d97'
- name: README.TXT
  size: 5848
  date: '1993-08-20T16:00:00'
  crc: '0xc9c79f9a'
- name: REGISTER.DOC
  size: 2434
  date: '1993-08-20T16:00:00'
  crc: '0x15021f91'
- name: SHERLOCK.EXE
  size: 156672
  date: '1993-08-20T16:00:00'
  crc: '0x493af688'
- name: VENDOR.DOC
  size: 3097
  date: '1993-08-20T16:00:00'
  crc: '0xcdbf23a3'
