filename: PC-Sherlock v1.3 [SW] (1993)(Sanjay Kanade) [Strategy].zip
tdc_id: '10126.0'
title:
  screen: PC-Sherlock
publisher: Sanjay Kanade
year: '1993'
genre: Strategy
language: English
date:
  added: '2014-03-07T22:05:58'
  last_modified: '2014-03-07T22:05:58'
version: '1.3'
type: zip
tags:
- Shareware
media: Download
commands:
  play: SHERLOCK.EXE
files:
- name: FILE_ID.DIZ
  size: 412
  date: '1994-04-14T08:54:08'
  crc: '0xbd0b5bd4'
- name: ORDER.DOC
  size: 2588
  date: '1993-08-20T15:00:00'
  crc: '0xf6a42d97'
- name: REGISTER.DOC
  size: 2434
  date: '1993-08-20T15:00:00'
  crc: '0x15021f91'
- name: SHERLOCK.EXE
  size: 156704
  date: '1993-08-20T15:00:00'
  crc: '0xd0864eb6'
- name: VENDOR.DOC
  size: 3271
  date: '1993-08-20T15:00:00'
  crc: '0x4265d5e9'
