filename: Gridlock v2.0 [SW] (1993)(Fred Lee) [Strategy].zip
tdc_id: '10932.0'
title:
  screen: Gridlock
publisher: Fred Lee
year: '1993'
genre: Strategy
language: English
date:
  added: '2019-03-01T19:09:26'
  last_modified: '2019-03-01T19:09:26'
version: '2.0'
type: zip
tags:
- Shareware
media: Download
commands:
  play: GL.EXE
files:
- name: GL.EXE
  size: 160146
  date: '1993-05-07T10:54:38'
  crc: '0x5a4d3943'
- name: GRIDLOCK.DAT
  size: 48994
  date: '1993-05-07T10:38:00'
  crc: '0x2316d6e1'
- name: GRIDLOCK.RTS
  size: 17738
  date: '1993-04-04T21:18:28'
  crc: '0xcdd2b12e'
- name: GRIDLOCK.TXT
  size: 49536
  date: '1993-05-24T16:20:32'
  crc: '0x58be6131'
- name: README
  size: 4736
  date: '1993-04-26T21:46:52'
  crc: '0xcc45a4fe'
