filename: Animated Clock [SW] (1993)(Flix Productions) [Educational].zip
tdc_id: '8646.0'
title:
  screen: Animated Clock
publisher: Flix Productions
year: '1993'
genre: Educational
language: English
date:
  added: '2019-03-01T19:00:00'
  last_modified: '2019-03-01T19:00:00'
type: zip
tags:
- Shareware
media: Download
files:
- name: ACLOCK.BAT
  size: 25
  date: '1999-12-31T19:00:00'
  crc: '0x624993ee'
- name: ACLOCK.GL
  size: 786203
  date: '1999-12-31T19:00:00'
  crc: '0x281510f3'
- name: ACLOCK.PCX
  size: 11995
  date: '1999-12-31T19:00:00'
  crc: '0xd8e235cc'
- name: ACLOCK.TXT
  size: 710
  date: '1999-12-31T19:00:00'
  crc: '0xc980b45e'
- name: ACLOCM.EXE
  size: 339833
  date: '1999-12-31T19:00:00'
  crc: '0x1c6ef602'
- name: GRASPRT.EXE
  size: 123513
  date: '1999-12-31T19:00:00'
  crc: '0x29d22d34'
- name: INPUT.DAT
  size: 5
  date: '1999-12-31T19:00:00'
  crc: '0x5861745d'
- name: ORDER.DOC
  size: 1338
  date: '1999-12-31T19:00:00'
  crc: '0x162f7c21'
- name: PROBLEMS.DOC
  size: 5259
  date: '1999-12-31T19:00:00'
  crc: '0x6a46a2c3'
- name: READ.TXT
  size: 1023
  date: '1999-12-31T19:00:00'
  crc: '0xfff96626'
- name: README.COM
  size: 14110
  date: '1999-12-31T19:00:00'
  crc: '0x005f1e5a'
- name: RESET.BAT
  size: 457
  date: '1999-12-31T19:00:00'
  crc: '0x70535111'
- name: RUNCOP.BAT
  size: 37
  date: '1999-12-31T19:00:00'
  crc: '0xefaf28f8'
- name: RUNME.BAT
  size: 48
  date: '1999-12-31T19:00:00'
  crc: '0xe8bf6247'
