filename: Animated Clock [SW][a1] (1993)(Flix Productions) [Educational].zip
tdc_id: '8646.1'
title:
  screen: Animated Clock
publisher: Flix Productions
year: '1993'
genre: Educational
language: English
date:
  added: '2019-03-01T19:00:00'
  last_modified: '2019-03-01T19:00:00'
type: zip
tags:
- Shareware
- Alternate: 1
media: Download
files:
- name: ACE.EXE
  size: 13114
  date: '1993-05-18T22:49:18'
  crc: '0x2ca7d37d'
- name: ACLOCK.BAT
  size: 25
  date: '1993-02-15T07:46:52'
  crc: '0x624993ee'
- name: ACLOCK.GL
  size: 786203
  date: '1993-02-24T14:27:32'
  crc: '0x281510f3'
- name: GRASPRT.EXE
  size: 123513
  date: '1992-10-21T19:02:12'
  crc: '0x29d22d34'
- name: INPUT.DAT
  size: 3
  date: '2013-04-28T17:42:28'
  crc: '0x1c37e923'
- name: RESET.BAT
  size: 457
  date: '1993-02-24T14:31:20'
  crc: '0x70535111'
