filename: Sherlock v2.01 [SW] (1994)(Everett Kaser) [Strategy].zip
tdc_id: '15020.1'
title:
  screen: Sherlock
publisher: Everett Kaser
year: '1994'
genre: Strategy
language: English
date:
  added: '2020-02-21T20:24:50'
  last_modified: '2020-02-21T20:24:50'
version: '2.01'
type: zip
tags:
- Shareware
media: Download
commands:
  play: SHERLOCK.EXE
files:
- name: DESC.TXT
  size: 488
  date: '1994-02-02T08:57:08'
  crc: '0x3eabf082'
- name: FILE_ID.DIZ
  size: 352
  date: '1993-07-13T22:00:00'
  crc: '0x93a000cc'
- name: IMAGES2.SHI
  size: 23920
  date: '1991-05-30T18:00:06'
  crc: '0x9768a851'
- name: IMAGES3.SHI
  size: 23920
  date: '1991-11-24T12:39:14'
  crc: '0xfeaad7b1'
- name: ORIGINAL.SHI
  size: 23920
  date: '1992-06-06T12:38:56'
  crc: '0x41c32f52'
- name: REGISTER.DOC
  size: 7463
  date: '1994-01-16T04:52:46'
  crc: '0x273dd4b9'
- name: SETUP.DTA
  size: 568
  date: '1994-02-02T08:57:48'
  crc: '0x53bdc9ab'
- name: SHERLOCK.DOC
  size: 56347
  date: '1994-01-16T04:49:56'
  crc: '0x75ff2c33'
- name: SHERLOCK.EXE
  size: 89711
  date: '1994-01-16T04:44:24'
  crc: '0x43d33e9a'
- name: VENDOR.DOC
  size: 2846
  date: '1993-07-13T22:00:00'
  crc: '0xb175c9cb'
