filename: A-13- Mr. A Goes for a Block [SW] (1994)(Ben Werdmuller) [Strategy, Puzzle].zip
tdc_id: '2924.0'
title:
  screen: 'A-13: Mr. A Goes for a Block'
publisher: Ben Werdmuller
year: '1994'
genre:
- Strategy
- Puzzle
language: English
date:
  added: '2019-03-01T21:46:44'
  last_modified: '2019-03-01T21:46:44'
type: zip
tags:
- Shareware
media: Download
files:
- name: 1.A13
  size: 540
  date: '1994-06-13T16:40:34'
  crc: '0x21ee104f'
- name: 10.A13
  size: 540
  date: '1994-07-20T20:44:38'
  crc: '0xdde5778b'
- name: 2.A13
  size: 540
  date: '1994-06-13T17:28:14'
  crc: '0xcc354627'
- name: 3.A13
  size: 540
  date: '1994-06-13T18:15:06'
  crc: '0x14ee28ed'
- name: 4.A13
  size: 540
  date: '1994-06-13T18:57:28'
  crc: '0x1bb2e87b'
- name: 5.A13
  size: 540
  date: '1994-06-14T07:31:16'
  crc: '0xf16f9d37'
- name: 6.A13
  size: 540
  date: '1994-06-16T15:58:40'
  crc: '0x18dbb2ba'
- name: 7.A13
  size: 540
  date: '1994-06-18T07:24:06'
  crc: '0xebf54ff7'
- name: 8.A13
  size: 540
  date: '1994-06-18T07:47:52'
  crc: '0xbb160ea9'
- name: 9.A13
  size: 540
  date: '1994-06-25T08:13:10'
  crc: '0x469bcaf3'
- name: A13.EXE
  size: 62720
  date: '1994-07-30T14:07:06'
  crc: '0xc2811334'
- name: A13INTRO.EXE
  size: 32000
  date: '1994-06-14T07:12:40'
  crc: '0x347ba581'
- name: A13LOGO.EXE
  size: 23296
  date: '1994-06-22T17:56:48'
  crc: '0x1a8bfa2e'
- name: A13STORY.EXE
  size: 56064
  date: '1994-07-19T19:05:10'
  crc: '0xbf688e37'
- name: BADBIG.A13
  size: 2400
  date: '1994-06-16T07:01:30'
  crc: '0xb1d0dde2'
- name: BOMB.A13
  size: 100
  date: '1994-06-13T06:47:52'
  crc: '0xab25e5b8'
- name: BOX.A13
  size: 100
  date: '1994-06-13T06:44:22'
  crc: '0xc917e608'
- name: EXIT.A13
  size: 100
  date: '1994-06-13T06:58:58'
  crc: '0x8998fb1d'
- name: MRA.A13
  size: 100
  date: '1994-06-13T16:36:18'
  crc: '0x1e63a2a6'
- name: MRABIG.A13
  size: 2400
  date: '1994-07-19T19:52:34'
  crc: '0x117865ad'
- name: NUMBER.A13
  size: 1
  date: '1994-07-30T14:07:56'
  crc: '0xbfdf0b66'
- name: ORDER.FRM
  size: 973
  date: '1994-07-30T14:20:58'
  crc: '0x33e4feea'
- name: REAPER.A13
  size: 100
  date: '1994-06-13T06:54:04'
  crc: '0x49fcea4a'
- name: SETTINGS.A13
  size: 259
  date: '1994-07-30T10:04:48'
  crc: '0xc276fc68'
- name: WALL.A13
  size: 100
  date: '1994-06-22T19:22:06'
  crc: '0xc282d7d1'
