filename: Animated Clock v3.0 [SW] (1994)(Flix Productions) [Educational].zip
tdc_id: '8646.2'
title:
  screen: Animated Clock
publisher: Flix Productions
year: '1994'
genre: Educational
language: English
date:
  added: '2014-11-08T09:40:54'
  last_modified: '2014-11-08T09:40:54'
version: '3.0'
type: zip
tags:
- Shareware
media: Download
files:
- name: ACLOCK.BAT
  size: 32
  date: '1995-06-13T09:45:00'
  crc: '0xf7571c7d'
- name: ACLOCK.GL
  size: 786246
  date: '1995-06-13T09:45:00'
  crc: '0xf21d9f27'
- name: FILE_ID.DIZ
  size: 438
  date: '1995-06-13T09:45:00'
  crc: '0x41d1abe1'
- name: GRASPRT.EXE
  size: 125855
  date: '1995-06-13T09:45:00'
  crc: '0x1be29fb7'
- name: ORDER.DOC
  size: 1635
  date: '1995-06-13T09:45:00'
  crc: '0x10f12a07'
- name: PROBLEMS.DOC
  size: 5137
  date: '1995-06-13T09:45:00'
  crc: '0xfd1a5de1'
- name: READ.TXT
  size: 1023
  date: '1995-06-13T09:45:00'
  crc: '0xfff96626'
- name: READ.WRI
  size: 2048
  date: '1995-06-13T09:45:00'
  crc: '0xe9eabda2'
- name: README.COM
  size: 26057
  date: '1995-06-13T09:45:00'
  crc: '0x2ed7d33e'
- name: RESET.BAT
  size: 457
  date: '1995-06-13T09:45:00'
  crc: '0x70535111'
