filename: Katie's Clock v2.0 [SW] (1991)(TZK Publications) [Educational].zip
tdc_id: '11718.0'
title:
  screen: Katie's Clock
publisher: TZK Publications
year: '1991'
genre: Educational
language: English
date:
  added: '2019-03-01T18:36:26'
  last_modified: '2019-03-01T18:36:26'
version: '2.0'
type: zip
tags:
- Shareware
media: Download
files:
- name: KC.EXE
  size: 89258
  date: '1991-09-11T21:03:02'
  crc: '0xfc0cc04f'
- name: K_INFO.DOC
  size: 11681
  date: '1991-09-11T21:03:04'
  crc: '0xa0baa5f3'
- name: K_INSTAL.BAT
  size: 123
  date: '1991-09-11T21:03:02'
  crc: '0x21d9c993'
- name: K_VENDOR.DOC
  size: 2909
  date: '1991-09-11T21:03:02'
  crc: '0xb4500c92'
