filename: Sherlock v1.2 [SW] (1991)(Everett Kaser) [Strategy].zip
tdc_id: '15017.1'
title:
  screen: Sherlock
publisher: Everett Kaser
year: '1991'
genre: Strategy
language: English
date:
  added: '2019-03-01T18:38:02'
  last_modified: '2019-03-01T18:38:02'
version: '1.2'
type: zip
tags:
- Shareware
media: Download
commands:
  play: SHERLOCK.EXE
files:
- name: CCC.SHI
  size: 23920
  date: '1993-04-03T03:41:52'
  crc: '0x41c32f52'
- name: IMAGES2.SHI
  size: 23920
  date: '1991-05-30T22:00:06'
  crc: '0x9768a851'
- name: IMAGES3.SHI
  size: 23920
  date: '1991-11-24T18:39:14'
  crc: '0xfeaad7b1'
- name: IMAGES4.SHI
  size: 23920
  date: '1992-01-18T18:15:56'
  crc: '0xb814f2a6'
- name: JIGHJGIJ.SHI
  size: 23920
  date: '1993-05-04T09:49:56'
  crc: '0x41c32f52'
- name: PQ.SHI
  size: 23920
  date: '1992-07-28T04:39:44'
  crc: '0x3b2058cb'
- name: REGISTER.DOC
  size: 5410
  date: '1991-11-24T19:05:42'
  crc: '0xb3c9cd14'
- name: SHERLOCK.CFG
  size: 4252
  date: '2006-10-27T13:24:00'
  crc: '0xa870b1c5'
- name: SHERLOCK.DOC
  size: 37292
  date: '1991-11-24T19:02:04'
  crc: '0xdb6ef75c'
- name: SHERLOCK.EXE
  size: 68406
  date: '1991-11-24T17:33:42'
  crc: '0xd591e4ab'
- name: SHERLTMP.CFG
  size: 4252
  date: '1992-01-18T20:16:34'
  crc: '0x402a6599'
- name: STANDIM.SHI
  size: 23920
  date: '1992-02-05T20:58:42'
  crc: '0x41c32f52'
