filename: Sherlock v1.1 [SW] (1991)(Everett Kaser) [Strategy].zip
tdc_id: '15017.0'
title:
  screen: Sherlock
publisher: Everett Kaser
year: '1991'
genre: Strategy
language: English
date:
  added: '2019-03-01T18:38:02'
  last_modified: '2019-03-01T18:38:02'
version: '1.1'
type: zip
tags:
- Shareware
media: Download
commands:
  play: SHERLOCK.EXE
files:
- name: REGISTER.DOC
  size: 3237
  date: '1991-05-12T22:14:44'
  crc: '0x36f4ca72'
- name: SHERLOCK.DOC
  size: 40356
  date: '1991-05-12T22:14:44'
  crc: '0x6e8ae781'
- name: SHERLOCK.EXE
  size: 139457
  date: '1991-05-12T22:14:44'
  crc: '0x3015552f'
- name: VENDOR.DOC
  size: 3554
  date: '1991-05-07T20:44:28'
  crc: '0x1eac8941'
