filename: Katie's Clock v2.1s [SW] (1992)(TZK Publications) [Educational].zip
tdc_id: '11718.1'
title:
  screen: Katie's Clock
publisher: TZK Publications
year: '1992'
genre: Educational
language: English
date:
  added: '2019-03-01T18:48:30'
  last_modified: '2019-03-01T18:48:30'
version: 2.1s
type: zip
tags:
- Shareware
media: Download
commands:
  play: KC.EXE
files:
- name: INFO.DOC
  size: 4836
  date: '1992-01-26T11:57:14'
  crc: '0xe7dc798f'
- name: KC.EXE
  size: 89104
  date: '1992-02-16T09:52:02'
  crc: '0xea71e936'
- name: VENDER.DOC
  size: 2603
  date: '1992-01-26T12:04:44'
  crc: '0xfdb1192e'
