filename: Combination Lock (1992)(Villa Crespo Software, Inc.) [Simulation].zip
tdc_id: '12156.0'
title:
  box: Combination Lock
publisher: Villa Crespo Software, Inc.
year: '1992'
genre: Simulation
language: English
date:
  added: '2019-03-01T18:41:54'
  last_modified: '2019-03-01T18:41:54'
type: zip
references:
  dosid: DOS01446
  exodos: Combination Lock (1992).zip
files:
- name: CBS07.BAT
  size: 72
  date: '1992-08-27T04:24:00'
  crc: '0x8dffb8a1'
- name: CBS2.EXE
  size: 4236
  date: '1992-08-27T04:24:00'
  crc: '0x061dbb3f'
- name: CL.DAT
  size: 6
  date: '1992-10-26T13:46:58'
  crc: '0xe10f3010'
- name: CLQ.DAT
  size: 73373
  date: '1992-08-27T04:24:00'
  crc: '0x76563a9e'
- name: CLQ.IDX
  size: 6000
  date: '1992-08-27T04:24:00'
  crc: '0x45c7908a'
- name: CLSOUND.DB
  size: 93090
  date: '1992-08-27T04:24:00'
  crc: '0x217a273d'
- name: COMBC.BAT
  size: 23
  date: '1992-08-27T04:24:00'
  crc: '0x1ea49291'
- name: COMBLCKC.DB
  size: 48218
  date: '1992-08-27T04:24:00'
  crc: '0x8f1746f5'
- name: COMBLCKE.DB
  size: 457371
  date: '1992-08-27T04:24:00'
  crc: '0x5302b05b'
- name: COMBLCKE.EXE
  size: 48780
  date: '1992-08-27T04:24:00'
  crc: '0x6c0ad2ab'
- name: COMBLOCK.DB
  size: 78638
  date: '1992-08-27T04:24:00'
  crc: '0xe16523ff'
- name: COMBLOCK.EXE
  size: 30434
  date: '1992-08-27T04:24:00'
  crc: '0x434c3e77'
- name: COMBT.BAT
  size: 21
  date: '1992-08-27T04:24:00'
  crc: '0x89ff8013'
- name: DELTA
  size: 0
  date: '1992-10-11T15:54:00'
