filename: Sherlock v1.50 US [SW] (1992)(Everett Kaser) [Strategy].zip
tdc_id: '15019.0'
title:
  screen: Sherlock
publisher: Everett Kaser
year: '1992'
genre: Strategy
language: English
date:
  added: '2019-03-01T18:50:58'
  last_modified: '2019-03-01T18:50:58'
version: '1.50'
type: zip
tags:
- Shareware
media: Download
files:
- name: BALDY.SHI
  size: 23920
  date: '1991-11-16T02:30:46'
  crc: '0x75edc5b4'
- name: ELECTRIC.SHI
  size: 23920
  date: '1992-03-22T23:08:24'
  crc: '0x5574ae5b'
- name: IMAGES2.SHI
  size: 23920
  date: '1991-05-30T10:00:06'
  crc: '0x9768a851'
- name: IMAGES3.SHI
  size: 23920
  date: '1991-11-24T06:39:14'
  crc: '0xfeaad7b1'
- name: LENS.SHI
  size: 23920
  date: '1992-01-23T08:58:38'
  crc: '0x6ca40ff1'
- name: LENS.TXT
  size: 602
  date: '1992-01-23T09:07:54'
  crc: '0x5d745fae'
- name: NOVEAU.SHI
  size: 23920
  date: '1992-03-02T10:08:10'
  crc: '0x60746c86'
- name: NOVEAU.TXT
  size: 128
  date: '1992-03-10T08:20:48'
  crc: '0x062d1799'
- name: ORIGINAL.SHI
  size: 23920
  date: '1992-06-06T04:38:56'
  crc: '0x41c32f52'
- name: PEOPLINO.SHI
  size: 23920
  date: '1992-04-04T07:22:12'
  crc: '0x4a10c35c'
- name: PEOPLINO.TXT
  size: 44
  date: '1992-04-06T07:52:16'
  crc: '0x00c112d8'
- name: REGISTER.DOC
  size: 7951
  date: '1992-08-01T22:32:20'
  crc: '0x36015d7d'
- name: RUNME.BAT
  size: 27
  date: '1994-03-13T12:42:08'
  crc: '0xdbdbcc7a'
- name: SHERLOCK.CFG
  size: 4252
  date: '1994-04-02T02:05:16'
  crc: '0x9aff581a'
- name: SHERLOCK.DOC
  size: 45528
  date: '1992-08-01T22:29:54'
  crc: '0x877add47'
- name: SHERLOCK.EXE
  size: 67834
  date: '1992-08-01T22:26:24'
  crc: '0x28d931fc'
- name: VENDOR.DOC
  size: 2766
  date: '1992-08-01T22:30:04'
  crc: '0x08d97964'
