filename: Sherlock v1.50 UK [SW] (1992)(Everett Kaser) [Strategy].zip
tdc_id: '15018.0'
title:
  screen: Sherlock
publisher: Everett Kaser
year: '1992'
genre: Strategy
language: English
date:
  added: '2019-03-01T18:50:58'
  last_modified: '2019-03-01T18:50:58'
version: '1.50'
type: zip
tags:
- Shareware
media: Download
commands:
  play: sherlock.exe
files:
- name: original.shi
  size: 23920
  date: '1996-12-24T23:32:00'
  crc: '0xefad3178'
- name: sherlock.cfg
  size: 4252
  date: '1996-12-24T23:32:00'
  crc: '0x559811bd'
- name: sherlock.doc
  size: 45378
  date: '1996-12-24T23:32:00'
  crc: '0xccf697b9'
- name: sherlock.exe
  size: 67836
  date: '1996-12-24T23:32:00'
  crc: '0x5a4bec5b'
- name: sherlock.shi
  size: 23920
  date: '1996-12-24T23:32:00'
  crc: '0xeba10cc7'
