filename: PC-Sherlock v2.1 [SWR] (1996)(Sanjay Kanade) [Strategy].zip
tdc_id: '10126.3'
title:
  screen: PC-Sherlock
publisher: Sanjay Kanade
year: '1996'
genre: Strategy
language: English
date:
  added: '2019-03-02T10:15:50'
  last_modified: '2019-03-02T10:15:50'
version: '2.1'
type: zip
tags:
- SharewareRegistered
commands:
  play: sherlock.exe
references:
  dosid: DOS03940
  exodos: PC-Sherlock - A Game of Logic and Deduction (1996).zip
files:
- name: sherlock.exe
  size: 91830
  date: '2004-12-23T08:56:00'
  crc: '0xbef81b29'
