filename: PC-Sherlock v2.1 [SWR] (1996)(Sanjay Kanade, Yestersoft) [Strategy].zip
tdc_id: '10126.4'
title:
  screen: PC-Sherlock
publisher: Sanjay Kanade, Yestersoft
year: '1996'
genre: Strategy
language: English
date:
  added: '2024-06-21T14:34:30'
  last_modified: '2024-06-21T14:34:30'
version: '2.1'
type: zip
tags:
- SharewareRegistered
media: Download
commands:
  play: sherlock.exe
references:
  mobygames: https://www.mobygames.com/game/15419/pc-sherlock-a-game-of-logic-deduction/
files:
- name: sherlock.exe
  size: 92076
  date: '2006-05-24T21:32:32'
  crc: '0xca35d121'
